// !$*UTF8*$!
{
	archiveVersion = 1;
	classes = {
	};
	objectVersion = 48;
	objects = {

/* Begin PBXBuildFile section */
		27E1C1B4476751FD909CA0A3 /* libPods-th_first.a in Frameworks */ = {isa = PBXBuildFile; fileRef = E3C357FFAD41CA6C5B6AD526 /* libPods-th_first.a */; };
		B01D72AB1F4E9DA100C5762D /* AppDelegate.m in Sources */ = {isa = PBXBuildFile; fileRef = B01D72AA1F4E9DA100C5762D /* AppDelegate.m */; };
		B01D72AE1F4E9DA100C5762D /* ViewController.m in Sources */ = {isa = PBXBuildFile; fileRef = B01D72AD1F4E9DA100C5762D /* ViewController.m */; };
		B01D72B11F4E9DA100C5762D /* Main.storyboard in Resources */ = {isa = PBXBuildFile; fileRef = B01D72AF1F4E9DA100C5762D /* Main.storyboard */; };
		B01D72B31F4E9DA100C5762D /* Assets.xcassets in Resources */ = {isa = PBXBuildFile; fileRef = B01D72B21F4E9DA100C5762D /* Assets.xcassets */; };
		B01D72B61F4E9DA100C5762D /* LaunchScreen.storyboard in Resources */ = {isa = PBXBuildFile; fileRef = B01D72B41F4E9DA100C5762D /* LaunchScreen.storyboard */; };
		B01D72B91F4E9DA100C5762D /* main.m in Sources */ = {isa = PBXBuildFile; fileRef = B01D72B81F4E9DA100C5762D /* main.m */; };
		B01D72C31F4E9DA100C5762D /* th_firstTests.m in Sources */ = {isa = PBXBuildFile; fileRef = B01D72C21F4E9DA100C5762D /* th_firstTests.m */; };
		B01D72CE1F4E9DA100C5762D /* th_firstUITests.m in Sources */ = {isa = PBXBuildFile; fileRef = B01D72CD1F4E9DA100C5762D /* th_firstUITests.m */; };
		B01D72DE1F4E9DF000C5762D /* Log.m in Sources */ = {isa = PBXBuildFile; fileRef = B01D72DD1F4E9DF000C5762D /* Log.m */; };
/* End PBXBuildFile section */

/* Begin PBXContainerItemProxy section */
		B01D72BF1F4E9DA100C5762D /* PBXContainerItemProxy */ = {
			isa = PBXContainerItemProxy;
			containerPortal = B01D729E1F4E9DA100C5762D /* Project object */;
			proxyType = 1;
			remoteGlobalIDString = B01D72A51F4E9DA100C5762D;
			remoteInfo = th_first;
		};
		B01D72CA1F4E9DA100C5762D /* PBXContainerItemProxy */ = {
			isa = PBXContainerItemProxy;
			containerPortal = B01D729E1F4E9DA100C5762D /* Project object */;
			proxyType = 1;
			remoteGlobalIDString = B01D72A51F4E9DA100C5762D;
			remoteInfo = th_first;
		};
/* End PBXContainerItemProxy section */

/* Begin PBXFileReference section */
		5A9C3423F25878E4CB019859 /* Pods-th_first.debug.xcconfig */ = {isa = PBXFileReference; includeInIndex = 1; lastKnownFileType = text.xcconfig; name = "Pods-th_first.debug.xcconfig"; path = "Pods/Target Support Files/Pods-th_first/Pods-th_first.debug.xcconfig"; sourceTree = "<group>"; };
		74DE6CF31037385DDEE7D6A5 /* Pods-th_first.release.xcconfig */ = {isa = PBXFileReference; includeInIndex = 1; lastKnownFileType = text.xcconfig; name = "Pods-th_first.release.xcconfig"; path = "Pods/Target Support Files/Pods-th_first/Pods-th_first.release.xcconfig"; sourceTree = "<group>"; };
		B01D72A61F4E9DA100C5762D /* th_first.app */ = {isa = PBXFileReference; explicitFileType = wrapper.application; includeInIndex = 0; path = th_first.app; sourceTree = BUILT_PRODUCTS_DIR; };
		B01D72A91F4E9DA100C5762D /* AppDelegate.h */ = {isa = PBXFileReference; lastKnownFileType = sourcecode.c.h; path = AppDelegate.h; sourceTree = "<group>"; };
		B01D72AA1F4E9DA100C5762D /* AppDelegate.m */ = {isa = PBXFileReference; lastKnownFileType = sourcecode.c.objc; path = AppDelegate.m; sourceTree = "<group>"; };
		B01D72AC1F4E9DA100C5762D /* ViewController.h */ = {isa = PBXFileReference; lastKnownFileType = sourcecode.c.h; path = ViewController.h; sourceTree = "<group>"; };
		B01D72AD1F4E9DA100C5762D /* ViewController.m */ = {isa = PBXFileReference; lastKnownFileType = sourcecode.c.objc; path = ViewController.m; sourceTree = "<group>"; };
		B01D72B01F4E9DA100C5762D /* Base */ = {isa = PBXFileReference; lastKnownFileType = file.storyboard; name = Base; path = Base.lproj/Main.storyboard; sourceTree = "<group>"; };
		B01D72B21F4E9DA100C5762D /* Assets.xcassets */ = {isa = PBXFileReference; lastKnownFileType = folder.assetcatalog; path = Assets.xcassets; sourceTree = "<group>"; };
		B01D72B51F4E9DA100C5762D /* Base */ = {isa = PBXFileReference; lastKnownFileType = file.storyboard; name = Base; path = Base.lproj/LaunchScreen.storyboard; sourceTree = "<group>"; };
		B01D72B71F4E9DA100C5762D /* Info.plist */ = {isa = PBXFileReference; lastKnownFileType = text.plist.xml; path = Info.plist; sourceTree = "<group>"; };
		B01D72B81F4E9DA100C5762D /* main.m */ = {isa = PBXFileReference; lastKnownFileType = sourcecode.c.objc; path = main.m; sourceTree = "<group>"; };
		B01D72BE1F4E9DA100C5762D /* th_firstTests.xctest */ = {isa = PBXFileReference; explicitFileType = wrapper.cfbundle; includeInIndex = 0; path = th_firstTests.xctest; sourceTree = BUILT_PRODUCTS_DIR; };
		B01D72C21F4E9DA100C5762D /* th_firstTests.m */ = {isa = PBXFileReference; lastKnownFileType = sourcecode.c.objc; path = th_firstTests.m; sourceTree = "<group>"; };
		B01D72C41F4E9DA100C5762D /* Info.plist */ = {isa = PBXFileReference; lastKnownFileType = text.plist.xml; path = Info.plist; sourceTree = "<group>"; };
		B01D72C91F4E9DA100C5762D /* th_firstUITests.xctest */ = {isa = PBXFileReference; explicitFileType = wrapper.cfbundle; includeInIndex = 0; path = th_firstUITests.xctest; sourceTree = BUILT_PRODUCTS_DIR; };
		B01D72CD1F4E9DA100C5762D /* th_firstUITests.m */ = {isa = PBXFileReference; lastKnownFileType = sourcecode.c.objc; path = th_firstUITests.m; sourceTree = "<group>"; };
		B01D72CF1F4E9DA100C5762D /* Info.plist */ = {isa = PBXFileReference; lastKnownFileType = text.plist.xml; path = Info.plist; sourceTree = "<group>"; };
		B01D72DC1F4E9DF000C5762D /* Log.h */ = {isa = PBXFileReference; lastKnownFileType = sourcecode.c.h; path = Log.h; sourceTree = "<group>"; };
		B01D72DD1F4E9DF000C5762D /* Log.m */ = {isa = PBXFileReference; lastKnownFileType = sourcecode.c.objc; path = Log.m; sourceTree = "<group>"; };
		E3C357FFAD41CA6C5B6AD526 /* libPods-th_first.a */ = {isa = PBXFileReference; explicitFileType = archive.ar; includeInIndex = 0; path = "libPods-th_first.a"; sourceTree = BUILT_PRODUCTS_DIR; };
/* End PBXFileReference section */

/* Begin PBXFrameworksBuildPhase section */
		B01D72A31F4E9DA100C5762D /* Frameworks */ = {
			isa = PBXFrameworksBuildPhase;
			buildActionMask = 2147483647;
			files = (
				27E1C1B4476751FD909CA0A3 /* libPods-th_first.a in Frameworks */,
			);
			runOnlyForDeploymentPostprocessing = 0;
		};
		B01D72BB1F4E9DA100C5762D /* Frameworks */ = {
			isa = PBXFrameworksBuildPhase;
			buildActionMask = 2147483647;
			files = (
			);
			runOnlyForDeploymentPostprocessing = 0;
		};
		B01D72C61F4E9DA100C5762D /* Frameworks */ = {
			isa = PBXFrameworksBuildPhase;
			buildActionMask = 2147483647;
			files = (
			);
			runOnlyForDeploymentPostprocessing = 0;
		};
/* End PBXFrameworksBuildPhase section */

/* Begin PBXGroup section */
		2E50336EBFC154FEA8A466DF /* Frameworks */ = {
			isa = PBXGroup;
			children = (
				E3C357FFAD41CA6C5B6AD526 /* libPods-th_first.a */,
			);
			name = Frameworks;
			sourceTree = "<group>";
		};
		8E264D8DC9E0592C0B1AA71A /* Pods */ = {
			isa = PBXGroup;
			children = (
				5A9C3423F25878E4CB019859 /* Pods-th_first.debug.xcconfig */,
				74DE6CF31037385DDEE7D6A5 /* Pods-th_first.release.xcconfig */,
			);
			name = Pods;
			sourceTree = "<group>";
		};
		B01D729D1F4E9DA100C5762D = {
			isa = PBXGroup;
			children = (
				B01D72DB1F4E9DE400C5762D /* Manager */,
				B01D72A81F4E9DA100C5762D /* th_first */,
				B01D72C11F4E9DA100C5762D /* th_firstTests */,
				B01D72CC1F4E9DA100C5762D /* th_firstUITests */,
				B01D72A71F4E9DA100C5762D /* Products */,
				8E264D8DC9E0592C0B1AA71A /* Pods */,
				2E50336EBFC154FEA8A466DF /* Frameworks */,
			);
			sourceTree = "<group>";
		};
		B01D72A71F4E9DA100C5762D /* Products */ = {
			isa = PBXGroup;
			children = (
				B01D72A61F4E9DA100C5762D /* th_first.app */,
				B01D72BE1F4E9DA100C5762D /* th_firstTests.xctest */,
				B01D72C91F4E9DA100C5762D /* th_firstUITests.xctest */,
			);
			name = Products;
			sourceTree = "<group>";
		};
		B01D72A81F4E9DA100C5762D /* th_first */ = {
			isa = PBXGroup;
			children = (
				B01D72A91F4E9DA100C5762D /* AppDelegate.h */,
				B01D72AA1F4E9DA100C5762D /* AppDelegate.m */,
				B01D72AC1F4E9DA100C5762D /* ViewController.h */,
				B01D72AD1F4E9DA100C5762D /* ViewController.m */,
				B01D72AF1F4E9DA100C5762D /* Main.storyboard */,
				B01D72B21F4E9DA100C5762D /* Assets.xcassets */,
				B01D72B41F4E9DA100C5762D /* LaunchScreen.storyboard */,
				B01D72B71F4E9DA100C5762D /* Info.plist */,
				B01D72B81F4E9DA100C5762D /* main.m */,
			);
			path = th_first;
			sourceTree = "<group>";
		};
		B01D72C11F4E9DA100C5762D /* th_firstTests */ = {
			isa = PBXGroup;
			children = (
				B01D72C21F4E9DA100C5762D /* th_firstTests.m */,
				B01D72C41F4E9DA100C5762D /* Info.plist */,
			);
			path = th_firstTests;
			sourceTree = "<group>";
		};
		B01D72CC1F4E9DA100C5762D /* th_firstUITests */ = {
			isa = PBXGroup;
			children = (
				B01D72CD1F4E9DA100C5762D /* th_firstUITests.m */,
				B01D72CF1F4E9DA100C5762D /* Info.plist */,
			);
			path = th_firstUITests;
			sourceTree = "<group>";
		};
		B01D72DB1F4E9DE400C5762D /* Manager */ = {
			isa = PBXGroup;
			children = (
				B01D72DC1F4E9DF000C5762D /* Log.h */,
				B01D72DD1F4E9DF000C5762D /* Log.m */,
			);
			path = Manager;
			sourceTree = "<group>";
		};
/* End PBXGroup section */

/* Begin PBXNativeTarget section */
		B01D72A51F4E9DA100C5762D /* th_first */ = {
			isa = PBXNativeTarget;
			buildConfigurationList = B01D72D21F4E9DA100C5762D /* Build configuration list for PBXNativeTarget "th_first" */;
			buildPhases = (
				0F2A6BD79C1A34523F540DB0 /* [CP] Check Pods Manifest.lock */,
				B01D72A21F4E9DA100C5762D /* Sources */,
				B01D72A31F4E9DA100C5762D /* Frameworks */,
				B01D72A41F4E9DA100C5762D /* Resources */,
				2DA2C71727FE54D55F5A9CB6 /* [CP] Embed Pods Frameworks */,
				B0601A33F25C598533714B04 /* [CP] Copy Pods Resources */,
			);
			buildRules = (
			);
			dependencies = (
			);
			name = th_first;
			productName = th_first;
			productReference = B01D72A61F4E9DA100C5762D /* th_first.app */;
			productType = "com.apple.product-type.application";
		};
		B01D72BD1F4E9DA100C5762D /* th_firstTests */ = {
			isa = PBXNativeTarget;
			buildConfigurationList = B01D72D51F4E9DA100C5762D /* Build configuration list for PBXNativeTarget "th_firstTests" */;
			buildPhases = (
				B01D72BA1F4E9DA100C5762D /* Sources */,
				B01D72BB1F4E9DA100C5762D /* Frameworks */,
				B01D72BC1F4E9DA100C5762D /* Resources */,
			);
			buildRules = (
			);
			dependencies = (
				B01D72C01F4E9DA100C5762D /* PBXTargetDependency */,
			);
			name = th_firstTests;
			productName = th_firstTests;
			productReference = B01D72BE1F4E9DA100C5762D /* th_firstTests.xctest */;
			productType = "com.apple.product-type.bundle.unit-test";
		};
		B01D72C81F4E9DA100C5762D /* th_firstUITests */ = {
			isa = PBXNativeTarget;
			buildConfigurationList = B01D72D81F4E9DA100C5762D /* Build configuration list for PBXNativeTarget "th_firstUITests" */;
			buildPhases = (
				B01D72C51F4E9DA100C5762D /* Sources */,
				B01D72C61F4E9DA100C5762D /* Frameworks */,
				B01D72C71F4E9DA100C5762D /* Resources */,
			);
			buildRules = (
			);
			dependencies = (
				B01D72CB1F4E9DA100C5762D /* PBXTargetDependency */,
			);
			name = th_firstUITests;
			productName = th_firstUITests;
			productReference = B01D72C91F4E9DA100C5762D /* th_firstUITests.xctest */;
			productType = "com.apple.product-type.bundle.ui-testing";
		};
/* End PBXNativeTarget section */

/* Begin PBXProject section */
		B01D729E1F4E9DA100C5762D /* Project object */ = {
			isa = PBXProject;
			attributes = {
				LastUpgradeCheck = 0900;
				ORGANIZATIONNAME = STT;
				TargetAttributes = {
					B01D72A51F4E9DA100C5762D = {
						CreatedOnToolsVersion = 9.0;
					};
					B01D72BD1F4E9DA100C5762D = {
						CreatedOnToolsVersion = 9.0;
						TestTargetID = B01D72A51F4E9DA100C5762D;
					};
					B01D72C81F4E9DA100C5762D = {
						CreatedOnToolsVersion = 9.0;
						TestTargetID = B01D72A51F4E9DA100C5762D;
					};
				};
			};
			buildConfigurationList = B01D72A11F4E9DA100C5762D /* Build configuration list for PBXProject "th_first" */;
			compatibilityVersion = "Xcode 8.0";
			developmentRegion = en;
			hasScannedForEncodings = 0;
			knownRegions = (
				en,
				Base,
			);
			mainGroup = B01D729D1F4E9DA100C5762D;
			productRefGroup = B01D72A71F4E9DA100C5762D /* Products */;
			projectDirPath = "";
			projectRoot = "";
			targets = (
				B01D72A51F4E9DA100C5762D /* th_first */,
				B01D72BD1F4E9DA100C5762D /* th_firstTests */,
				B01D72C81F4E9DA100C5762D /* th_firstUITests */,
			);
		};
/* End PBXProject section */

/* Begin PBXResourcesBuildPhase section */
		B01D72A41F4E9DA100C5762D /* Resources */ = {
			isa = PBXResourcesBuildPhase;
			buildActionMask = 2147483647;
			files = (
				B01D72B61F4E9DA100C5762D /* LaunchScreen.storyboard in Resources */,
				B01D72B31F4E9DA100C5762D /* Assets.xcassets in Resources */,
				B01D72B11F4E9DA100C5762D /* Main.storyboard in Resources */,
			);
			runOnlyForDeploymentPostprocessing = 0;
		};
		B01D72BC1F4E9DA100C5762D /* Resources */ = {
			isa = PBXResourcesBuildPhase;
			buildActionMask = 2147483647;
			files = (
			);
			runOnlyForDeploymentPostprocessing = 0;
		};
		B01D72C71F4E9DA100C5762D /* Resources */ = {
			isa = PBXResourcesBuildPhase;
			buildActionMask = 2147483647;
			files = (
			);
			runOnlyForDeploymentPostprocessing = 0;
		};
/* End PBXResourcesBuildPhase section */

/* Begin PBXShellScriptBuildPhase section */
		0F2A6BD79C1A34523F540DB0 /* [CP] Check Pods Manifest.lock */ = {
			isa = PBXShellScriptBuildPhase;
			buildActionMask = 2147483647;
			files = (
			);
			inputPaths = (
			);
			name = "[CP] Check Pods Manifest.lock";
			outputPaths = (
			);
			runOnlyForDeploymentPostprocessing = 0;
			shellPath = /bin/sh;
			shellScript = "diff \"${PODS_PODFILE_DIR_PATH}/Podfile.lock\" \"${PODS_ROOT}/Manifest.lock\" > /dev/null\nif [ $? != 0 ] ; then\n    # print error to STDERR\n    echo \"error: The sandbox is not in sync with the Podfile.lock. Run 'pod install' or update your CocoaPods installation.\" >&2\n    exit 1\nfi\n";
			showEnvVarsInLog = 0;
		};
		2DA2C71727FE54D55F5A9CB6 /* [CP] Embed Pods Frameworks */ = {
			isa = PBXShellScriptBuildPhase;
			buildActionMask = 2147483647;
			files = (
			);
			inputPaths = (
			);
			name = "[CP] Embed Pods Frameworks";
			outputPaths = (
			);
			runOnlyForDeploymentPostprocessing = 0;
			shellPath = /bin/sh;
			shellScript = "\"${SRCROOT}/Pods/Target Support Files/Pods-th_first/Pods-th_first-frameworks.sh\"\n";
			showEnvVarsInLog = 0;
		};
		B0601A33F25C598533714B04 /* [CP] Copy Pods Resources */ = {
			isa = PBXShellScriptBuildPhase;
			buildActionMask = 2147483647;
			files = (
			);
			inputPaths = (
			);
			name = "[CP] Copy Pods Resources";
			outputPaths = (
			);
			runOnlyForDeploymentPostprocessing = 0;
			shellPath = /bin/sh;
			shellScript = "\"${SRCROOT}/Pods/Target Support Files/Pods-th_first/Pods-th_first-resources.sh\"\n";
			showEnvVarsInLog = 0;
		};
/* End PBXShellScriptBuildPhase section */

/* Begin PBXSourcesBuildPhase section */
		B01D72A21F4E9DA100C5762D /* Sources */ = {
			isa = PBXSourcesBuildPhase;
			buildActionMask = 2147483647;
			files = (
				B01D72AE1F4E9DA100C5762D /* ViewController.m in Sources */,
				B01D72B91F4E9DA100C5762D /* main.m in Sources */,
				B01D72DE1F4E9DF000C5762D /* Log.m in Sources */,
				B01D72AB1F4E9DA100C5762D /* AppDelegate.m in Sources */,
			);
			runOnlyForDeploymentPostprocessing = 0;
		};
		B01D72BA1F4E9DA100C5762D /* Sources */ = {
			isa = PBXSourcesBuildPhase;
			buildActionMask = 2147483647;
			files = (
				B01D72C31F4E9DA100C5762D /* th_firstTests.m in Sources */,
			);
			runOnlyForDeploymentPostprocessing = 0;
		};
		B01D72C51F4E9DA100C5762D /* Sources */ = {
			isa = PBXSourcesBuildPhase;
			buildActionMask = 2147483647;
			files = (
				B01D72CE1F4E9DA100C5762D /* th_firstUITests.m in Sources */,
			);
			runOnlyForDeploymentPostprocessing = 0;
		};
/* End PBXSourcesBuildPhase section */

/* Begin PBXTargetDependency section */
		B01D72C01F4E9DA100C5762D /* PBXTargetDependency */ = {
			isa = PBXTargetDependency;
			target = B01D72A51F4E9DA100C5762D /* th_first */;
			targetProxy = B01D72BF1F4E9DA100C5762D /* PBXContainerItemProxy */;
		};
		B01D72CB1F4E9DA100C5762D /* PBXTargetDependency */ = {
			isa = PBXTargetDependency;
			target = B01D72A51F4E9DA100C5762D /* th_first */;
			targetProxy = B01D72CA1F4E9DA100C5762D /* PBXContainerItemProxy */;
		};
/* End PBXTargetDependency section */

/* Begin PBXVariantGroup section */
		B01D72AF1F4E9DA100C5762D /* Main.storyboard */ = {
			isa = PBXVariantGroup;
			children = (
				B01D72B01F4E9DA100C5762D /* Base */,
			);
			name = Main.storyboard;
			sourceTree = "<group>";
		};
		B01D72B41F4E9DA100C5762D /* LaunchScreen.storyboard */ = {
			isa = PBXVariantGroup;
			children = (
				B01D72B51F4E9DA100C5762D /* Base */,
			);
			name = LaunchScreen.storyboard;
			sourceTree = "<group>";
		};
/* End PBXVariantGroup section */

/* Begin XCBuildConfiguration section */
		B01D72D01F4E9DA100C5762D /* Debug */ = {
			isa = XCBuildConfiguration;
			buildSettings = {
				ALWAYS_SEARCH_USER_PATHS = NO;
				CLANG_ANALYZER_NONNULL = YES;
				CLANG_ANALYZER_NUMBER_OBJECT_CONVERSION = YES_AGGRESSIVE;
				CLANG_CXX_LANGUAGE_STANDARD = "gnu++14";
				CLANG_CXX_LIBRARY = "libc++";
				CLANG_ENABLE_MODULES = YES;
				CLANG_ENABLE_OBJC_ARC = YES;
				CLANG_WARN_BLOCK_CAPTURE_AUTORELEASING = YES;
				CLANG_WARN_BOOL_CONVERSION = YES;
				CLANG_WARN_COMMA = YES;
				CLANG_WARN_CONSTANT_CONVERSION = YES;
				CLANG_WARN_DIRECT_OBJC_ISA_USAGE = YES_ERROR;
				CLANG_WARN_DOCUMENTATION_COMMENTS = YES;
				CLANG_WARN_EMPTY_BODY = YES;
				CLANG_WARN_ENUM_CONVERSION = YES;
				CLANG_WARN_INFINITE_RECURSION = YES;
				CLANG_WARN_INT_CONVERSION = YES;
				CLANG_WARN_OBJC_ROOT_CLASS = YES_ERROR;
				CLANG_WARN_RANGE_LOOP_ANALYSIS = YES;
				CLANG_WARN_STRICT_PROTOTYPES = YES;
				CLANG_WARN_SUSPICIOUS_MOVE = YES;
				CLANG_WARN_UNGUARDED_AVAILABILITY = YES_AGGRESSIVE;
				CLANG_WARN_UNREACHABLE_CODE = YES;
				CLANG_WARN__DUPLICATE_METHOD_MATCH = YES;
				CODE_SIGN_IDENTITY = "iPhone Developer";
				COPY_PHASE_STRIP = NO;
				DEBUG_INFORMATION_FORMAT = dwarf;
				ENABLE_STRICT_OBJC_MSGSEND = YES;
				ENABLE_TESTABILITY = YES;
				GCC_C_LANGUAGE_STANDARD = gnu11;
				GCC_DYNAMIC_NO_PIC = NO;
				GCC_NO_COMMON_BLOCKS = YES;
				GCC_OPTIMIZATION_LEVEL = 0;
				GCC_PREPROCESSOR_DEFINITIONS = (
					"DEBUG=1",
					"$(inherited)",
				);
				GCC_WARN_64_TO_32_BIT_CONVERSION = YES;
				GCC_WARN_ABOUT_RETURN_TYPE = YES_ERROR;
				GCC_WARN_UNDECLARED_SELECTOR = YES;
				GCC_WARN_UNINITIALIZED_AUTOS = YES_AGGRESSIVE;
				GCC_WARN_UNUSED_FUNCTION = YES;
				GCC_WARN_UNUSED_VARIABLE = YES;
				IPHONEOS_DEPLOYMENT_TARGET = 11.0;
				MTL_ENABLE_DEBUG_INFO = YES;
				ONLY_ACTIVE_ARCH = YES;
				SDKROOT = iphoneos;
			};
			name = Debug;
		};
		B01D72D11F4E9DA100C5762D /* Release */ = {
			isa = XCBuildConfiguration;
			buildSettings = {
				ALWAYS_SEARCH_USER_PATHS = NO;
				CLANG_ANALYZER_NONNULL = YES;
				CLANG_ANALYZER_NUMBER_OBJECT_CONVERSION = YES_AGGRESSIVE;
				CLANG_CXX_LANGUAGE_STANDARD = "gnu++14";
				CLANG_CXX_LIBRARY = "libc++";
				CLANG_ENABLE_MODULES = YES;
				CLANG_ENABLE_OBJC_ARC = YES;
				CLANG_WARN_BLOCK_CAPTURE_AUTORELEASING = YES;
				CLANG_WARN_BOOL_CONVERSION = YES;
				CLANG_WARN_COMMA = YES;
				CLANG_WARN_CONSTANT_CONVERSION = YES;
				CLANG_WARN_DIRECT_OBJC_ISA_USAGE = YES_ERROR;
				CLANG_WARN_DOCUMENTATION_COMMENTS = YES;
				CLANG_WARN_EMPTY_BODY = YES;
				CLANG_WARN_ENUM_CONVERSION = YES;
				CLANG_WARN_INFINITE_RECURSION = YES;
				CLANG_WARN_INT_CONVERSION = YES;
				CLANG_WARN_OBJC_ROOT_CLASS = YES_ERROR;
				CLANG_WARN_RANGE_LOOP_ANALYSIS = YES;
				CLANG_WARN_STRICT_PROTOTYPES = YES;
				CLANG_WARN_SUSPICIOUS_MOVE = YES;
				CLANG_WARN_UNGUARDED_AVAILABILITY = YES_AGGRESSIVE;
				CLANG_WARN_UNREACHABLE_CODE = YES;
				CLANG_WARN__DUPLICATE_METHOD_MATCH = YES;
				CODE_SIGN_IDENTITY = "iPhone Developer";
				COPY_PHASE_STRIP = NO;
				DEBUG_INFORMATION_FORMAT = "dwarf-with-dsym";
				ENABLE_NS_ASSERTIONS = NO;
				ENABLE_STRICT_OBJC_MSGSEND = YES;
				GCC_C_LANGUAGE_STANDARD = gnu11;
				GCC_NO_COMMON_BLOCKS = YES;
				GCC_WARN_64_TO_32_BIT_CONVERSION = YES;
				GCC_WARN_ABOUT_RETURN_TYPE = YES_ERROR;
				GCC_WARN_UNDECLARED_SELECTOR = YES;
				GCC_WARN_UNINITIALIZED_AUTOS = YES_AGGRESSIVE;
				GCC_WARN_UNUSED_FUNCTION = YES;
				GCC_WARN_UNUSED_VARIABLE = YES;
				IPHONEOS_DEPLOYMENT_TARGET = 11.0;
				MTL_ENABLE_DEBUG_INFO = NO;
				SDKROOT = iphoneos;
				VALIDATE_PRODUCT = YES;
			};
			name = Release;
		};
		B01D72D31F4E9DA100C5762D /* Debug */ = {
			isa = XCBuildConfiguration;
			baseConfigurationReference = 5A9C3423F25878E4CB019859 /* Pods-th_first.debug.xcconfig */;
			buildSettings = {
				ASSETCATALOG_COMPILER_APPICON_NAME = AppIcon;
				INFOPLIST_FILE = th_first/Info.plist;
				LD_RUNPATH_SEARCH_PATHS = "$(inherited) @executable_path/Frameworks";
				PRODUCT_BUNDLE_IDENTIFIER = "alpha.com.etiaolong.th-first";
				PRODUCT_NAME = "$(TARGET_NAME)";
				TARGETED_DEVICE_FAMILY = "1,2";
			};
			name = Debug;
		};
		B01D72D41F4E9DA100C5762D /* Release */ = {
			isa = XCBuildConfiguration;
			baseConfigurationReference = 74DE6CF31037385DDEE7D6A5 /* Pods-th_first.release.xcconfig */;
			buildSettings = {
				ASSETCATALOG_COMPILER_APPICON_NAME = AppIcon;
				INFOPLIST_FILE = th_first/Info.plist;
				LD_RUNPATH_SEARCH_PATHS = "$(inherited) @executable_path/Frameworks";
				PRODUCT_BUNDLE_IDENTIFIER = "alpha.com.etiaolong.th-first";
				PRODUCT_NAME = "$(TARGET_NAME)";
				TARGETED_DEVICE_FAMILY = "1,2";
			};
			name = Release;
		};
		B01D72D61F4E9DA100C5762D /* Debug */ = {
			isa = XCBuildConfiguration;
			buildSettings = {
				BUNDLE_LOADER = "$(TEST_HOST)";
				INFOPLIST_FILE = th_firstTests/Info.plist;
				LD_RUNPATH_SEARCH_PATHS = "$(inherited) @executable_path/Frameworks @loader_path/Frameworks";
				PRODUCT_BUNDLE_IDENTIFIER = "alpha.com.etiaolong.th-firstTests";
				PRODUCT_NAME = "$(TARGET_NAME)";
				TARGETED_DEVICE_FAMILY = "1,2";
				TEST_HOST = "$(BUILT_PRODUCTS_DIR)/th_first.app/th_first";
			};
			name = Debug;
		};
		B01D72D71F4E9DA100C5762D /* Release */ = {
			isa = XCBuildConfiguration;
			buildSettings = {
				BUNDLE_LOADER = "$(TEST_HOST)";
				INFOPLIST_FILE = th_firstTests/Info.plist;
				LD_RUNPATH_SEARCH_PATHS = "$(inherited) @executable_path/Frameworks @loader_path/Frameworks";
				PRODUCT_BUNDLE_IDENTIFIER = "alpha.com.etiaolong.th-firstTests";
				PRODUCT_NAME = "$(TARGET_NAME)";
				TARGETED_DEVICE_FAMILY = "1,2";
				TEST_HOST = "$(BUILT_PRODUCTS_DIR)/th_first.app/th_first";
			};
			name = Release;
		};
		B01D72D91F4E9DA100C5762D /* Debug */ = {
			isa = XCBuildConfiguration;
			buildSettings = {
				INFOPLIST_FILE = th_firstUITests/Info.plist;
				LD_RUNPATH_SEARCH_PATHS = "$(inherited) @executable_path/Frameworks @loader_path/Frameworks";
				PRODUCT_BUNDLE_IDENTIFIER = "alpha.com.etiaolong.th-firstUITests";
				PRODUCT_NAME = "$(TARGET_NAME)";
				TARGETED_DEVICE_FAMILY = "1,2";
				TEST_TARGET_NAME = th_first;
			};
			name = Debug;
		};
		B01D72DA1F4E9DA100C5762D /* Release */ = {
			isa = XCBuildConfiguration;
			buildSettings = {
				INFOPLIST_FILE = th_firstUITests/Info.plist;
				LD_RUNPATH_SEARCH_PATHS = "$(inherited) @executable_path/Frameworks @loader_path/Frameworks";
				PRODUCT_BUNDLE_IDENTIFIER = "alpha.com.etiaolong.th-firstUITests";
				PRODUCT_NAME = "$(TARGET_NAME)";
				TARGETED_DEVICE_FAMILY = "1,2";
				TEST_TARGET_NAME = th_first;
			};
			name = Release;
		};
/* End XCBuildConfiguration section */

/* Begin XCConfigurationList section */
		B01D72A11F4E9DA100C5762D /* Build configuration list for PBXProject "th_first" */ = {
			isa = XCConfigurationList;
			buildConfigurations = (
				B01D72D01F4E9DA100C5762D /* Debug */,
				B01D72D11F4E9DA100C5762D /* Release */,
			);
			defaultConfigurationIsVisible = 0;
			defaultConfigurationName = Release;
		};
		B01D72D21F4E9DA100C5762D /* Build configuration list for PBXNativeTarget "th_first" */ = {
			isa = XCConfigurationList;
			buildConfigurations = (
				B01D72D31F4E9DA100C5762D /* Debug */,
				B01D72D41F4E9DA100C5762D /* Release */,
			);
			defaultConfigurationIsVisible = 0;
		};
		B01D72D51F4E9DA100C5762D /* Build configuration list for PBXNativeTarget "th_firstTests" */ = {
			isa = XCConfigurationList;
			buildConfigurations = (
				B01D72D61F4E9DA100C5762D /* Debug */,
				B01D72D71F4E9DA100C5762D /* Release */,
			);
			defaultConfigurationIsVisible = 0;
		};
		B01D72D81F4E9DA100C5762D /* Build configuration list for PBXNativeTarget "th_firstUITests" */ = {
			isa = XCConfigurationList;
			buildConfigurations = (
				B01D72D91F4E9DA100C5762D /* Debug */,
				B01D72DA1F4E9DA100C5762D /* Release */,
			);
			defaultConfigurationIsVisible = 0;
		};
/* End XCConfigurationList section */
	};
	rootObject = B01D729E1F4E9DA100C5762D /* Project object */;
}
